
Microsoft Visual Studio Solution File, Format Version 12.00
# Visual Studio 15
VisualStudioVersion = 15.0.28307.168
MinimumVisualStudioVersion = 10.0.40219.1
Project("{FAE04EC0-301F-11D3-BF4B-00C04F79EFBC}") = "HomeWork", "HomeWork_1\HomeWork.csproj", "{B1B73690-7D26-4990-8DB9-08D06DC8ACC8}"
EndProject
Global
	GlobalSection(SolutionConfigurationPlatforms) = preSolution
		Debug|Any CPU = Debug|Any CPU
		Release|Any CPU = Release|Any CPU
	EndGlobalSection
	GlobalSection(ProjectConfigurationPlatforms) = postSolution
		{B1B73690-7D26-4990-8DB9-08D06DC8ACC8}.Debug|Any CPU.ActiveCfg = Debug|Any CPU
		{B1B73690-7D26-4990-8DB9-08D06DC8ACC8}.Debug|Any CPU.Build.0 = Debug|Any CPU
		{B1B73690-7D26-4990-8DB9-08D06DC8ACC8}.Release|Any CPU.ActiveCfg = Release|Any CPU
		{B1B73690-7D26-4990-8DB9-08D06DC8ACC8}.Release|Any CPU.Build.0 = Release|Any CPU
	EndGlobalSection
	GlobalSection(SolutionProperties) = preSolution
		HideSolutionNode = FALSE
	EndGlobalSection
	GlobalSection(ExtensibilityGlobals) = postSolution
		SolutionGuid = {994ACD79-12AE-49C1-B1B8-E6A29E4D0019}
	EndGlobalSection
EndGlobal
